version = 1
revision = 3
requires-python = ">=3.10"

[[package]]
name = "future"
version = "1.0.0"
source = { registry = "https://pypi.org/simple" }
sdist = { url = "https://files.pythonhosted.org/packages/a7/b2/4140c69c6a66432916b26158687e821ba631a4c9273c474343badf84d3ba/future-1.0.0.tar.gz", hash = "sha256:bd2968309307861edae1458a4f8a4f3598c03be43b97521076aebf5d94c07b05", size = 1228490, upload-time = "2024-02-21T11:52:38.461Z" }
wheels = [
    { url = "https://files.pythonhosted.org/packages/da/71/ae30dadffc90b9006d77af76b393cb9dfbfc9629f339fc1574a1c52e6806/future-1.0.0-py3-none-any.whl", hash = "sha256:929292d34f5872e70396626ef385ec22355a1fae8ad29e1a734c3e43f9fbc216", size = 491326, upload-time = "2024-02-21T11:52:35.956Z" },
]

[[package]]
name = "maya-stubs"
version = "0.4.2"
source = { registry = "https://pypi.org/simple" }
sdist = { url = "https://files.pythonhosted.org/packages/83/ac/cb12a396f8dad98fa15dae801899e8d1ff39debdaa66fe81cd8d93e4d666/maya_stubs-0.4.2.tar.gz", hash = "sha256:86eb6901b4e341895c572a94c055d0248903720a42c22a9a507bdcfda52e9da0", size = 313929, upload-time = "2025-10-30T21:43:30.561Z" }
wheels = [
    { url = "https://files.pythonhosted.org/packages/fd/39/df15b423c029fe7dcdf43814f4776fb689c86e6fc48ab36af3cae63b2732/maya_stubs-0.4.2-py3-none-any.whl", hash = "sha256:2dd28457af1877293f5b7544eea5a14384ad89b5a59796847c6c68c1a44f0db9", size = 258974, upload-time = "2025-10-30T21:43:28.101Z" },
]

[[package]]
name = "pymel"
version = "1.5.0"
source = { registry = "https://pypi.org/simple" }
dependencies = [
    { name = "future" },
]
wheels = [
    { url = "https://files.pythonhosted.org/packages/e4/d8/8db666ebbe3cd6fb643b609483bf359d0b513a94e5cd46e903367fb394fe/pymel-1.5.0-py2.py3-none-any.whl", hash = "sha256:2f779e28eef37af580433c2df1798905f32f055b62bbbffa0ad1eab32c59040d", size = 9906247, upload-time = "2024-10-28T05:09:20.822Z" },
]

[[package]]
name = "tools-sandbox"
version = "0.1.0"
source = { virtual = "." }
dependencies = [
    { name = "maya-stubs" },
    { name = "pymel" },
]

[package.metadata]
requires-dist = [
    { name = "maya-stubs", specifier = ">=0.4.2" },
    { name = "pymel", specifier = ">=1.5.0" },
]
